
Microsoft Visual Studio Solution File, Format Version 12.00
# Visual Studio Version 17
VisualStudioVersion = 17.3.32929.385
MinimumVisualStudioVersion = 10.0.40219.1
Project("{8BC9CEB8-8B4A-11D0-8D11-00A0C91BC942}") = "Vjezba9", "Vjezba9\Vjezba9.vcxproj", "{913ABEAB-CA7F-4941-AFE2-D61C7344B7B3}"
EndProject
Global
	GlobalSection(SolutionConfigurationPlatforms) = preSolution
		Debug|x64 = Debug|x64
		Debug|x86 = Debug|x86
		Release|x64 = Release|x64
		Release|x86 = Release|x86
	EndGlobalSection
	GlobalSection(ProjectConfigurationPlatforms) = postSolution
		{913ABEAB-CA7F-4941-AFE2-D61C7344B7B3}.Debug|x64.ActiveCfg = Debug|x64
		{913ABEAB-CA7F-4941-AFE2-D61C7344B7B3}.Debug|x64.Build.0 = Debug|x64
		{913ABEAB-CA7F-4941-AFE2-D61C7344B7B3}.Debug|x86.ActiveCfg = Debug|Win32
		{913ABEAB-CA7F-4941-AFE2-D61C7344B7B3}.Debug|x86.Build.0 = Debug|Win32
		{913ABEAB-CA7F-4941-AFE2-D61C7344B7B3}.Release|x64.ActiveCfg = Release|x64
		{913ABEAB-CA7F-4941-AFE2-D61C7344B7B3}.Release|x64.Build.0 = Release|x64
		{913ABEAB-CA7F-4941-AFE2-D61C7344B7B3}.Release|x86.ActiveCfg = Release|Win32
		{913ABEAB-CA7F-4941-AFE2-D61C7344B7B3}.Release|x86.Build.0 = Release|Win32
	EndGlobalSection
	GlobalSection(SolutionProperties) = preSolution
		HideSolutionNode = FALSE
	EndGlobalSection
	GlobalSection(ExtensibilityGlobals) = postSolution
		SolutionGuid = {F3164CEB-D154-40F0-A0AE-3F64525B18FE}
	EndGlobalSection
EndGlobal
